// !$*UTF8*$!
{
	archiveVersion = 1;
	classes = {
	};
	objectVersion = 46;
	objects = {

/* Begin PBXBuildFile section */
		5859D8771E9535D3009E13DE /* main.m in Sources */ = {isa = PBXBuildFile; fileRef = 5859D8761E9535D3009E13DE /* main.m */; };
		5859D87A1E9535D3009E13DE /* AppDelegate.m in Sources */ = {isa = PBXBuildFile; fileRef = 5859D8791E9535D3009E13DE /* AppDelegate.m */; };
		5859D87D1E9535D3009E13DE /* ViewController.m in Sources */ = {isa = PBXBuildFile; fileRef = 5859D87C1E9535D3009E13DE /* ViewController.m */; };
		5859D8801E9535D3009E13DE /* Main.storyboard in Resources */ = {isa = PBXBuildFile; fileRef = 5859D87E1E9535D3009E13DE /* Main.storyboard */; };
		5859D8821E9535D3009E13DE /* Assets.xcassets in Resources */ = {isa = PBXBuildFile; fileRef = 5859D8811E9535D3009E13DE /* Assets.xcassets */; };
		5859D8851E9535D3009E13DE /* LaunchScreen.storyboard in Resources */ = {isa = PBXBuildFile; fileRef = 5859D8831E9535D3009E13DE /* LaunchScreen.storyboard */; };
		5859D8911E953675009E13DE /* Download.m in Sources */ = {isa = PBXBuildFile; fileRef = 5859D8901E953675009E13DE /* Download.m */; };
		5859D8B91E953B2B009E13DE /* aescrypt.c in Sources */ = {isa = PBXBuildFile; fileRef = 5859D8961E953B2B009E13DE /* aescrypt.c */; };
		5859D8BA1E953B2B009E13DE /* aeskey.c in Sources */ = {isa = PBXBuildFile; fileRef = 5859D8971E953B2B009E13DE /* aeskey.c */; };
		5859D8BB1E953B2B009E13DE /* aestab.c in Sources */ = {isa = PBXBuildFile; fileRef = 5859D8991E953B2B009E13DE /* aestab.c */; };
		5859D8BC1E953B2B009E13DE /* entropy.c in Sources */ = {isa = PBXBuildFile; fileRef = 5859D89D1E953B2B009E13DE /* entropy.c */; };
		5859D8BD1E953B2B009E13DE /* fileenc.c in Sources */ = {isa = PBXBuildFile; fileRef = 5859D89F1E953B2B009E13DE /* fileenc.c */; };
		5859D8BE1E953B2B009E13DE /* hmac.c in Sources */ = {isa = PBXBuildFile; fileRef = 5859D8A11E953B2B009E13DE /* hmac.c */; };
		5859D8BF1E953B2B009E13DE /* prng.c in Sources */ = {isa = PBXBuildFile; fileRef = 5859D8A31E953B2B009E13DE /* prng.c */; };
		5859D8C01E953B2B009E13DE /* pwd2key.c in Sources */ = {isa = PBXBuildFile; fileRef = 5859D8A51E953B2B009E13DE /* pwd2key.c */; };
		5859D8C11E953B2B009E13DE /* sha1.c in Sources */ = {isa = PBXBuildFile; fileRef = 5859D8A71E953B2B009E13DE /* sha1.c */; };
		5859D8C21E953B2B009E13DE /* Info.plist in Resources */ = {isa = PBXBuildFile; fileRef = 5859D8A91E953B2B009E13DE /* Info.plist */; };
		5859D8C31E953B2B009E13DE /* ioapi.c in Sources */ = {isa = PBXBuildFile; fileRef = 5859D8AC1E953B2B009E13DE /* ioapi.c */; };
		5859D8C41E953B2B009E13DE /* mztools.c in Sources */ = {isa = PBXBuildFile; fileRef = 5859D8AE1E953B2B009E13DE /* mztools.c */; };
		5859D8C51E953B2B009E13DE /* unzip.c in Sources */ = {isa = PBXBuildFile; fileRef = 5859D8B01E953B2B009E13DE /* unzip.c */; };
		5859D8C61E953B2B009E13DE /* zip.c in Sources */ = {isa = PBXBuildFile; fileRef = 5859D8B21E953B2B009E13DE /* zip.c */; };
		5859D8C81E953B2B009E13DE /* SSZipArchive.m in Sources */ = {isa = PBXBuildFile; fileRef = 5859D8B61E953B2B009E13DE /* SSZipArchive.m */; };
		5859D8CB1E953EC6009E13DE /* libz.tbd in Frameworks */ = {isa = PBXBuildFile; fileRef = 5859D8CA1E953EC6009E13DE /* libz.tbd */; };
		5859D8CE1E954360009E13DE /* FilteredProtocol.m in Sources */ = {isa = PBXBuildFile; fileRef = 5859D8CD1E954360009E13DE /* FilteredProtocol.m */; };
/* End PBXBuildFile section */

/* Begin PBXFileReference section */
		5859D8721E9535D3009E13DE /* htmlDemo.app */ = {isa = PBXFileReference; explicitFileType = wrapper.application; includeInIndex = 0; path = htmlDemo.app; sourceTree = BUILT_PRODUCTS_DIR; };
		5859D8761E9535D3009E13DE /* main.m */ = {isa = PBXFileReference; lastKnownFileType = sourcecode.c.objc; path = main.m; sourceTree = "<group>"; };
		5859D8781E9535D3009E13DE /* AppDelegate.h */ = {isa = PBXFileReference; lastKnownFileType = sourcecode.c.h; path = AppDelegate.h; sourceTree = "<group>"; };
		5859D8791E9535D3009E13DE /* AppDelegate.m */ = {isa = PBXFileReference; lastKnownFileType = sourcecode.c.objc; path = AppDelegate.m; sourceTree = "<group>"; };
		5859D87B1E9535D3009E13DE /* ViewController.h */ = {isa = PBXFileReference; lastKnownFileType = sourcecode.c.h; path = ViewController.h; sourceTree = "<group>"; };
		5859D87C1E9535D3009E13DE /* ViewController.m */ = {isa = PBXFileReference; lastKnownFileType = sourcecode.c.objc; path = ViewController.m; sourceTree = "<group>"; };
		5859D87F1E9535D3009E13DE /* Base */ = {isa = PBXFileReference; lastKnownFileType = file.storyboard; name = Base; path = Base.lproj/Main.storyboard; sourceTree = "<group>"; };
		5859D8811E9535D3009E13DE /* Assets.xcassets */ = {isa = PBXFileReference; lastKnownFileType = folder.assetcatalog; path = Assets.xcassets; sourceTree = "<group>"; };
		5859D8841E9535D3009E13DE /* Base */ = {isa = PBXFileReference; lastKnownFileType = file.storyboard; name = Base; path = Base.lproj/LaunchScreen.storyboard; sourceTree = "<group>"; };
		5859D8861E9535D3009E13DE /* Info.plist */ = {isa = PBXFileReference; lastKnownFileType = text.plist.xml; path = Info.plist; sourceTree = "<group>"; };
		5859D88F1E953675009E13DE /* Download.h */ = {isa = PBXFileReference; fileEncoding = 4; lastKnownFileType = sourcecode.c.h; path = Download.h; sourceTree = "<group>"; };
		5859D8901E953675009E13DE /* Download.m */ = {isa = PBXFileReference; fileEncoding = 4; lastKnownFileType = sourcecode.c.objc; path = Download.m; sourceTree = "<group>"; };
		5859D8941E953B2B009E13DE /* aes.h */ = {isa = PBXFileReference; fileEncoding = 4; lastKnownFileType = sourcecode.c.h; path = aes.h; sourceTree = "<group>"; };
		5859D8951E953B2B009E13DE /* aes_via_ace.h */ = {isa = PBXFileReference; fileEncoding = 4; lastKnownFileType = sourcecode.c.h; path = aes_via_ace.h; sourceTree = "<group>"; };
		5859D8961E953B2B009E13DE /* aescrypt.c */ = {isa = PBXFileReference; fileEncoding = 4; lastKnownFileType = sourcecode.c.c; path = aescrypt.c; sourceTree = "<group>"; };
		5859D8971E953B2B009E13DE /* aeskey.c */ = {isa = PBXFileReference; fileEncoding = 4; lastKnownFileType = sourcecode.c.c; path = aeskey.c; sourceTree = "<group>"; };
		5859D8981E953B2B009E13DE /* aesopt.h */ = {isa = PBXFileReference; fileEncoding = 4; lastKnownFileType = sourcecode.c.h; path = aesopt.h; sourceTree = "<group>"; };
		5859D8991E953B2B009E13DE /* aestab.c */ = {isa = PBXFileReference; fileEncoding = 4; lastKnownFileType = sourcecode.c.c; path = aestab.c; sourceTree = "<group>"; };
		5859D89A1E953B2B009E13DE /* aestab.h */ = {isa = PBXFileReference; fileEncoding = 4; lastKnownFileType = sourcecode.c.h; path = aestab.h; sourceTree = "<group>"; };
		5859D89B1E953B2B009E13DE /* brg_endian.h */ = {isa = PBXFileReference; fileEncoding = 4; lastKnownFileType = sourcecode.c.h; path = brg_endian.h; sourceTree = "<group>"; };
		5859D89C1E953B2B009E13DE /* brg_types.h */ = {isa = PBXFileReference; fileEncoding = 4; lastKnownFileType = sourcecode.c.h; path = brg_types.h; sourceTree = "<group>"; };
		5859D89D1E953B2B009E13DE /* entropy.c */ = {isa = PBXFileReference; fileEncoding = 4; lastKnownFileType = sourcecode.c.c; path = entropy.c; sourceTree = "<group>"; };
		5859D89E1E953B2B009E13DE /* entropy.h */ = {isa = PBXFileReference; fileEncoding = 4; lastKnownFileType = sourcecode.c.h; path = entropy.h; sourceTree = "<group>"; };
		5859D89F1E953B2B009E13DE /* fileenc.c */ = {isa = PBXFileReference; fileEncoding = 4; lastKnownFileType = sourcecode.c.c; path = fileenc.c; sourceTree = "<group>"; };
		5859D8A01E953B2B009E13DE /* fileenc.h */ = {isa = PBXFileReference; fileEncoding = 4; lastKnownFileType = sourcecode.c.h; path = fileenc.h; sourceTree = "<group>"; };
		5859D8A11E953B2B009E13DE /* hmac.c */ = {isa = PBXFileReference; fileEncoding = 4; lastKnownFileType = sourcecode.c.c; path = hmac.c; sourceTree = "<group>"; };
		5859D8A21E953B2B009E13DE /* hmac.h */ = {isa = PBXFileReference; fileEncoding = 4; lastKnownFileType = sourcecode.c.h; path = hmac.h; sourceTree = "<group>"; };
		5859D8A31E953B2B009E13DE /* prng.c */ = {isa = PBXFileReference; fileEncoding = 4; lastKnownFileType = sourcecode.c.c; path = prng.c; sourceTree = "<group>"; };
		5859D8A41E953B2B009E13DE /* prng.h */ = {isa = PBXFileReference; fileEncoding = 4; lastKnownFileType = sourcecode.c.h; path = prng.h; sourceTree = "<group>"; };
		5859D8A51E953B2B009E13DE /* pwd2key.c */ = {isa = PBXFileReference; fileEncoding = 4; lastKnownFileType = sourcecode.c.c; path = pwd2key.c; sourceTree = "<group>"; };
		5859D8A61E953B2B009E13DE /* pwd2key.h */ = {isa = PBXFileReference; fileEncoding = 4; lastKnownFileType = sourcecode.c.h; path = pwd2key.h; sourceTree = "<group>"; };
		5859D8A71E953B2B009E13DE /* sha1.c */ = {isa = PBXFileReference; fileEncoding = 4; lastKnownFileType = sourcecode.c.c; path = sha1.c; sourceTree = "<group>"; };
		5859D8A81E953B2B009E13DE /* sha1.h */ = {isa = PBXFileReference; fileEncoding = 4; lastKnownFileType = sourcecode.c.h; path = sha1.h; sourceTree = "<group>"; };
		5859D8A91E953B2B009E13DE /* Info.plist */ = {isa = PBXFileReference; fileEncoding = 4; lastKnownFileType = text.plist.xml; path = Info.plist; sourceTree = "<group>"; };
		5859D8AB1E953B2B009E13DE /* crypt.h */ = {isa = PBXFileReference; fileEncoding = 4; lastKnownFileType = sourcecode.c.h; path = crypt.h; sourceTree = "<group>"; };
		5859D8AC1E953B2B009E13DE /* ioapi.c */ = {isa = PBXFileReference; fileEncoding = 4; lastKnownFileType = sourcecode.c.c; path = ioapi.c; sourceTree = "<group>"; };
		5859D8AD1E953B2B009E13DE /* ioapi.h */ = {isa = PBXFileReference; fileEncoding = 4; lastKnownFileType = sourcecode.c.h; path = ioapi.h; sourceTree = "<group>"; };
		5859D8AE1E953B2B009E13DE /* mztools.c */ = {isa = PBXFileReference; fileEncoding = 4; lastKnownFileType = sourcecode.c.c; path = mztools.c; sourceTree = "<group>"; };
		5859D8AF1E953B2B009E13DE /* mztools.h */ = {isa = PBXFileReference; fileEncoding = 4; lastKnownFileType = sourcecode.c.h; path = mztools.h; sourceTree = "<group>"; };
		5859D8B01E953B2B009E13DE /* unzip.c */ = {isa = PBXFileReference; fileEncoding = 4; lastKnownFileType = sourcecode.c.c; path = unzip.c; sourceTree = "<group>"; };
		5859D8B11E953B2B009E13DE /* unzip.h */ = {isa = PBXFileReference; fileEncoding = 4; lastKnownFileType = sourcecode.c.h; path = unzip.h; sourceTree = "<group>"; };
		5859D8B21E953B2B009E13DE /* zip.c */ = {isa = PBXFileReference; fileEncoding = 4; lastKnownFileType = sourcecode.c.c; path = zip.c; sourceTree = "<group>"; };
		5859D8B31E953B2B009E13DE /* zip.h */ = {isa = PBXFileReference; fileEncoding = 4; lastKnownFileType = sourcecode.c.h; path = zip.h; sourceTree = "<group>"; };
		5859D8B51E953B2B009E13DE /* SSZipArchive.h */ = {isa = PBXFileReference; fileEncoding = 4; lastKnownFileType = sourcecode.c.h; path = SSZipArchive.h; sourceTree = "<group>"; };
		5859D8B61E953B2B009E13DE /* SSZipArchive.m */ = {isa = PBXFileReference; fileEncoding = 4; lastKnownFileType = sourcecode.c.objc; path = SSZipArchive.m; sourceTree = "<group>"; };
		5859D8B71E953B2B009E13DE /* SSZipCommon.h */ = {isa = PBXFileReference; fileEncoding = 4; lastKnownFileType = sourcecode.c.h; path = SSZipCommon.h; sourceTree = "<group>"; };
		5859D8B81E953B2B009E13DE /* ZipArchive.h */ = {isa = PBXFileReference; fileEncoding = 4; lastKnownFileType = sourcecode.c.h; path = ZipArchive.h; sourceTree = "<group>"; };
		5859D8CA1E953EC6009E13DE /* libz.tbd */ = {isa = PBXFileReference; lastKnownFileType = "sourcecode.text-based-dylib-definition"; name = libz.tbd; path = usr/lib/libz.tbd; sourceTree = SDKROOT; };
		5859D8CC1E954360009E13DE /* FilteredProtocol.h */ = {isa = PBXFileReference; fileEncoding = 4; lastKnownFileType = sourcecode.c.h; path = FilteredProtocol.h; sourceTree = "<group>"; };
		5859D8CD1E954360009E13DE /* FilteredProtocol.m */ = {isa = PBXFileReference; fileEncoding = 4; lastKnownFileType = sourcecode.c.objc; path = FilteredProtocol.m; sourceTree = "<group>"; };
/* End PBXFileReference section */

/* Begin PBXFrameworksBuildPhase section */
		5859D86F1E9535D3009E13DE /* Frameworks */ = {
			isa = PBXFrameworksBuildPhase;
			buildActionMask = 2147483647;
			files = (
				5859D8CB1E953EC6009E13DE /* libz.tbd in Frameworks */,
			);
			runOnlyForDeploymentPostprocessing = 0;
		};
/* End PBXFrameworksBuildPhase section */

/* Begin PBXGroup section */
		5859D8691E9535D3009E13DE = {
			isa = PBXGroup;
			children = (
				5859D8741E9535D3009E13DE /* htmlDemo */,
				5859D8731E9535D3009E13DE /* Products */,
				5859D8C91E953EC6009E13DE /* Frameworks */,
			);
			sourceTree = "<group>";
		};
		5859D8731E9535D3009E13DE /* Products */ = {
			isa = PBXGroup;
			children = (
				5859D8721E9535D3009E13DE /* htmlDemo.app */,
			);
			name = Products;
			sourceTree = "<group>";
		};
		5859D8741E9535D3009E13DE /* htmlDemo */ = {
			isa = PBXGroup;
			children = (
				5859D8CC1E954360009E13DE /* FilteredProtocol.h */,
				5859D8CD1E954360009E13DE /* FilteredProtocol.m */,
				5859D8921E953B2B009E13DE /* SSZipArchive */,
				5859D8781E9535D3009E13DE /* AppDelegate.h */,
				5859D8791E9535D3009E13DE /* AppDelegate.m */,
				5859D87B1E9535D3009E13DE /* ViewController.h */,
				5859D87C1E9535D3009E13DE /* ViewController.m */,
				5859D88F1E953675009E13DE /* Download.h */,
				5859D8901E953675009E13DE /* Download.m */,
				5859D87E1E9535D3009E13DE /* Main.storyboard */,
				5859D8811E9535D3009E13DE /* Assets.xcassets */,
				5859D8831E9535D3009E13DE /* LaunchScreen.storyboard */,
				5859D8861E9535D3009E13DE /* Info.plist */,
				5859D8751E9535D3009E13DE /* Supporting Files */,
			);
			path = htmlDemo;
			sourceTree = "<group>";
		};
		5859D8751E9535D3009E13DE /* Supporting Files */ = {
			isa = PBXGroup;
			children = (
				5859D8761E9535D3009E13DE /* main.m */,
			);
			name = "Supporting Files";
			sourceTree = "<group>";
		};
		5859D8921E953B2B009E13DE /* SSZipArchive */ = {
			isa = PBXGroup;
			children = (
				5859D8931E953B2B009E13DE /* aes */,
				5859D8A91E953B2B009E13DE /* Info.plist */,
				5859D8AA1E953B2B009E13DE /* minizip */,
				5859D8B51E953B2B009E13DE /* SSZipArchive.h */,
				5859D8B61E953B2B009E13DE /* SSZipArchive.m */,
				5859D8B71E953B2B009E13DE /* SSZipCommon.h */,
				5859D8B81E953B2B009E13DE /* ZipArchive.h */,
			);
			name = SSZipArchive;
			path = "../../../../../Downloads/ZipArchive-master/SSZipArchive";
			sourceTree = "<group>";
		};
		5859D8931E953B2B009E13DE /* aes */ = {
			isa = PBXGroup;
			children = (
				5859D8941E953B2B009E13DE /* aes.h */,
				5859D8951E953B2B009E13DE /* aes_via_ace.h */,
				5859D8961E953B2B009E13DE /* aescrypt.c */,
				5859D8971E953B2B009E13DE /* aeskey.c */,
				5859D8981E953B2B009E13DE /* aesopt.h */,
				5859D8991E953B2B009E13DE /* aestab.c */,
				5859D89A1E953B2B009E13DE /* aestab.h */,
				5859D89B1E953B2B009E13DE /* brg_endian.h */,
				5859D89C1E953B2B009E13DE /* brg_types.h */,
				5859D89D1E953B2B009E13DE /* entropy.c */,
				5859D89E1E953B2B009E13DE /* entropy.h */,
				5859D89F1E953B2B009E13DE /* fileenc.c */,
				5859D8A01E953B2B009E13DE /* fileenc.h */,
				5859D8A11E953B2B009E13DE /* hmac.c */,
				5859D8A21E953B2B009E13DE /* hmac.h */,
				5859D8A31E953B2B009E13DE /* prng.c */,
				5859D8A41E953B2B009E13DE /* prng.h */,
				5859D8A51E953B2B009E13DE /* pwd2key.c */,
				5859D8A61E953B2B009E13DE /* pwd2key.h */,
				5859D8A71E953B2B009E13DE /* sha1.c */,
				5859D8A81E953B2B009E13DE /* sha1.h */,
			);
			path = aes;
			sourceTree = "<group>";
		};
		5859D8AA1E953B2B009E13DE /* minizip */ = {
			isa = PBXGroup;
			children = (
				5859D8AB1E953B2B009E13DE /* crypt.h */,
				5859D8AC1E953B2B009E13DE /* ioapi.c */,
				5859D8AD1E953B2B009E13DE /* ioapi.h */,
				5859D8AE1E953B2B009E13DE /* mztools.c */,
				5859D8AF1E953B2B009E13DE /* mztools.h */,
				5859D8B01E953B2B009E13DE /* unzip.c */,
				5859D8B11E953B2B009E13DE /* unzip.h */,
				5859D8B21E953B2B009E13DE /* zip.c */,
				5859D8B31E953B2B009E13DE /* zip.h */,
			);
			path = minizip;
			sourceTree = "<group>";
		};
		5859D8C91E953EC6009E13DE /* Frameworks */ = {
			isa = PBXGroup;
			children = (
				5859D8CA1E953EC6009E13DE /* libz.tbd */,
			);
			name = Frameworks;
			sourceTree = "<group>";
		};
/* End PBXGroup section */

/* Begin PBXNativeTarget section */
		5859D8711E9535D3009E13DE /* htmlDemo */ = {
			isa = PBXNativeTarget;
			buildConfigurationList = 5859D8891E9535D3009E13DE /* Build configuration list for PBXNativeTarget "htmlDemo" */;
			buildPhases = (
				5859D86E1E9535D3009E13DE /* Sources */,
				5859D86F1E9535D3009E13DE /* Frameworks */,
				5859D8701E9535D3009E13DE /* Resources */,
			);
			buildRules = (
			);
			dependencies = (
			);
			name = htmlDemo;
			productName = htmlDemo;
			productReference = 5859D8721E9535D3009E13DE /* htmlDemo.app */;
			productType = "com.apple.product-type.application";
		};
/* End PBXNativeTarget section */

/* Begin PBXProject section */
		5859D86A1E9535D3009E13DE /* Project object */ = {
			isa = PBXProject;
			attributes = {
				LastUpgradeCheck = 0820;
				ORGANIZATIONNAME = "周";
				TargetAttributes = {
					5859D8711E9535D3009E13DE = {
						CreatedOnToolsVersion = 8.2.1;
						DevelopmentTeam = JCG46EY6V9;
						ProvisioningStyle = Automatic;
					};
				};
			};
			buildConfigurationList = 5859D86D1E9535D3009E13DE /* Build configuration list for PBXProject "htmlDemo" */;
			compatibilityVersion = "Xcode 3.2";
			developmentRegion = English;
			hasScannedForEncodings = 0;
			knownRegions = (
				en,
				Base,
			);
			mainGroup = 5859D8691E9535D3009E13DE;
			productRefGroup = 5859D8731E9535D3009E13DE /* Products */;
			projectDirPath = "";
			projectRoot = "";
			targets = (
				5859D8711E9535D3009E13DE /* htmlDemo */,
			);
		};
/* End PBXProject section */

/* Begin PBXResourcesBuildPhase section */
		5859D8701E9535D3009E13DE /* Resources */ = {
			isa = PBXResourcesBuildPhase;
			buildActionMask = 2147483647;
			files = (
				5859D8C21E953B2B009E13DE /* Info.plist in Resources */,
				5859D8851E9535D3009E13DE /* LaunchScreen.storyboard in Resources */,
				5859D8821E9535D3009E13DE /* Assets.xcassets in Resources */,
				5859D8801E9535D3009E13DE /* Main.storyboard in Resources */,
			);
			runOnlyForDeploymentPostprocessing = 0;
		};
/* End PBXResourcesBuildPhase section */

/* Begin PBXSourcesBuildPhase section */
		5859D86E1E9535D3009E13DE /* Sources */ = {
			isa = PBXSourcesBuildPhase;
			buildActionMask = 2147483647;
			files = (
				5859D8BA1E953B2B009E13DE /* aeskey.c in Sources */,
				5859D8BB1E953B2B009E13DE /* aestab.c in Sources */,
				5859D8C41E953B2B009E13DE /* mztools.c in Sources */,
				5859D8C61E953B2B009E13DE /* zip.c in Sources */,
				5859D87D1E9535D3009E13DE /* ViewController.m in Sources */,
				5859D8CE1E954360009E13DE /* FilteredProtocol.m in Sources */,
				5859D87A1E9535D3009E13DE /* AppDelegate.m in Sources */,
				5859D8C11E953B2B009E13DE /* sha1.c in Sources */,
				5859D8911E953675009E13DE /* Download.m in Sources */,
				5859D8BE1E953B2B009E13DE /* hmac.c in Sources */,
				5859D8BF1E953B2B009E13DE /* prng.c in Sources */,
				5859D8C01E953B2B009E13DE /* pwd2key.c in Sources */,
				5859D8C31E953B2B009E13DE /* ioapi.c in Sources */,
				5859D8C51E953B2B009E13DE /* unzip.c in Sources */,
				5859D8BC1E953B2B009E13DE /* entropy.c in Sources */,
				5859D8C81E953B2B009E13DE /* SSZipArchive.m in Sources */,
				5859D8B91E953B2B009E13DE /* aescrypt.c in Sources */,
				5859D8BD1E953B2B009E13DE /* fileenc.c in Sources */,
				5859D8771E9535D3009E13DE /* main.m in Sources */,
			);
			runOnlyForDeploymentPostprocessing = 0;
		};
/* End PBXSourcesBuildPhase section */

/* Begin PBXVariantGroup section */
		5859D87E1E9535D3009E13DE /* Main.storyboard */ = {
			isa = PBXVariantGroup;
			children = (
				5859D87F1E9535D3009E13DE /* Base */,
			);
			name = Main.storyboard;
			sourceTree = "<group>";
		};
		5859D8831E9535D3009E13DE /* LaunchScreen.storyboard */ = {
			isa = PBXVariantGroup;
			children = (
				5859D8841E9535D3009E13DE /* Base */,
			);
			name = LaunchScreen.storyboard;
			sourceTree = "<group>";
		};
/* End PBXVariantGroup section */

/* Begin XCBuildConfiguration section */
		5859D8871E9535D3009E13DE /* Debug */ = {
			isa = XCBuildConfiguration;
			buildSettings = {
				ALWAYS_SEARCH_USER_PATHS = NO;
				CLANG_ANALYZER_NONNULL = YES;
				CLANG_CXX_LANGUAGE_STANDARD = "gnu++0x";
				CLANG_CXX_LIBRARY = "libc++";
				CLANG_ENABLE_MODULES = YES;
				CLANG_ENABLE_OBJC_ARC = YES;
				CLANG_WARN_BOOL_CONVERSION = YES;
				CLANG_WARN_CONSTANT_CONVERSION = YES;
				CLANG_WARN_DIRECT_OBJC_ISA_USAGE = YES_ERROR;
				CLANG_WARN_DOCUMENTATION_COMMENTS = YES;
				CLANG_WARN_EMPTY_BODY = YES;
				CLANG_WARN_ENUM_CONVERSION = YES;
				CLANG_WARN_INFINITE_RECURSION = YES;
				CLANG_WARN_INT_CONVERSION = YES;
				CLANG_WARN_OBJC_ROOT_CLASS = YES_ERROR;
				CLANG_WARN_SUSPICIOUS_MOVE = YES;
				CLANG_WARN_UNREACHABLE_CODE = YES;
				CLANG_WARN__DUPLICATE_METHOD_MATCH = YES;
				"CODE_SIGN_IDENTITY[sdk=iphoneos*]" = "iPhone Developer";
				COPY_PHASE_STRIP = NO;
				DEBUG_INFORMATION_FORMAT = dwarf;
				ENABLE_STRICT_OBJC_MSGSEND = YES;
				ENABLE_TESTABILITY = YES;
				GCC_C_LANGUAGE_STANDARD = gnu99;
				GCC_DYNAMIC_NO_PIC = NO;
				GCC_NO_COMMON_BLOCKS = YES;
				GCC_OPTIMIZATION_LEVEL = 0;
				GCC_PREPROCESSOR_DEFINITIONS = (
					"DEBUG=1",
					"$(inherited)",
				);
				GCC_WARN_64_TO_32_BIT_CONVERSION = YES;
				GCC_WARN_ABOUT_RETURN_TYPE = YES_ERROR;
				GCC_WARN_UNDECLARED_SELECTOR = YES;
				GCC_WARN_UNINITIALIZED_AUTOS = YES_AGGRESSIVE;
				GCC_WARN_UNUSED_FUNCTION = YES;
				GCC_WARN_UNUSED_VARIABLE = YES;
				IPHONEOS_DEPLOYMENT_TARGET = 10.2;
				MTL_ENABLE_DEBUG_INFO = YES;
				ONLY_ACTIVE_ARCH = YES;
				SDKROOT = iphoneos;
			};
			name = Debug;
		};
		5859D8881E9535D3009E13DE /* Release */ = {
			isa = XCBuildConfiguration;
			buildSettings = {
				ALWAYS_SEARCH_USER_PATHS = NO;
				CLANG_ANALYZER_NONNULL = YES;
				CLANG_CXX_LANGUAGE_STANDARD = "gnu++0x";
				CLANG_CXX_LIBRARY = "libc++";
				CLANG_ENABLE_MODULES = YES;
				CLANG_ENABLE_OBJC_ARC = YES;
				CLANG_WARN_BOOL_CONVERSION = YES;
				CLANG_WARN_CONSTANT_CONVERSION = YES;
				CLANG_WARN_DIRECT_OBJC_ISA_USAGE = YES_ERROR;
				CLANG_WARN_DOCUMENTATION_COMMENTS = YES;
				CLANG_WARN_EMPTY_BODY = YES;
				CLANG_WARN_ENUM_CONVERSION = YES;
				CLANG_WARN_INFINITE_RECURSION = YES;
				CLANG_WARN_INT_CONVERSION = YES;
				CLANG_WARN_OBJC_ROOT_CLASS = YES_ERROR;
				CLANG_WARN_SUSPICIOUS_MOVE = YES;
				CLANG_WARN_UNREACHABLE_CODE = YES;
				CLANG_WARN__DUPLICATE_METHOD_MATCH = YES;
				"CODE_SIGN_IDENTITY[sdk=iphoneos*]" = "iPhone Developer";
				COPY_PHASE_STRIP = NO;
				DEBUG_INFORMATION_FORMAT = "dwarf-with-dsym";
				ENABLE_NS_ASSERTIONS = NO;
				ENABLE_STRICT_OBJC_MSGSEND = YES;
				GCC_C_LANGUAGE_STANDARD = gnu99;
				GCC_NO_COMMON_BLOCKS = YES;
				GCC_WARN_64_TO_32_BIT_CONVERSION = YES;
				GCC_WARN_ABOUT_RETURN_TYPE = YES_ERROR;
				GCC_WARN_UNDECLARED_SELECTOR = YES;
				GCC_WARN_UNINITIALIZED_AUTOS = YES_AGGRESSIVE;
				GCC_WARN_UNUSED_FUNCTION = YES;
				GCC_WARN_UNUSED_VARIABLE = YES;
				IPHONEOS_DEPLOYMENT_TARGET = 10.2;
				MTL_ENABLE_DEBUG_INFO = NO;
				SDKROOT = iphoneos;
				VALIDATE_PRODUCT = YES;
			};
			name = Release;
		};
		5859D88A1E9535D3009E13DE /* Debug */ = {
			isa = XCBuildConfiguration;
			buildSettings = {
				ASSETCATALOG_COMPILER_APPICON_NAME = AppIcon;
				DEVELOPMENT_TEAM = JCG46EY6V9;
				INFOPLIST_FILE = htmlDemo/Info.plist;
				LD_RUNPATH_SEARCH_PATHS = "$(inherited) @executable_path/Frameworks";
				PRODUCT_BUNDLE_IDENTIFIER = com.peter.htmlDemo;
				PRODUCT_NAME = "$(TARGET_NAME)";
			};
			name = Debug;
		};
		5859D88B1E9535D3009E13DE /* Release */ = {
			isa = XCBuildConfiguration;
			buildSettings = {
				ASSETCATALOG_COMPILER_APPICON_NAME = AppIcon;
				DEVELOPMENT_TEAM = JCG46EY6V9;
				INFOPLIST_FILE = htmlDemo/Info.plist;
				LD_RUNPATH_SEARCH_PATHS = "$(inherited) @executable_path/Frameworks";
				PRODUCT_BUNDLE_IDENTIFIER = com.peter.htmlDemo;
				PRODUCT_NAME = "$(TARGET_NAME)";
			};
			name = Release;
		};
/* End XCBuildConfiguration section */

/* Begin XCConfigurationList section */
		5859D86D1E9535D3009E13DE /* Build configuration list for PBXProject "htmlDemo" */ = {
			isa = XCConfigurationList;
			buildConfigurations = (
				5859D8871E9535D3009E13DE /* Debug */,
				5859D8881E9535D3009E13DE /* Release */,
			);
			defaultConfigurationIsVisible = 0;
			defaultConfigurationName = Release;
		};
		5859D8891E9535D3009E13DE /* Build configuration list for PBXNativeTarget "htmlDemo" */ = {
			isa = XCConfigurationList;
			buildConfigurations = (
				5859D88A1E9535D3009E13DE /* Debug */,
				5859D88B1E9535D3009E13DE /* Release */,
			);
			defaultConfigurationIsVisible = 0;
		};
/* End XCConfigurationList section */
	};
	rootObject = 5859D86A1E9535D3009E13DE /* Project object */;
}
